// !$*UTF8*$!
{
	archiveVersion = 1;
	classes = {
	};
	objectVersion = 48;
	objects = {

/* Begin PBXBuildFile section */
		45EC1C6C1F46C783000DCB32 /* AppDelegate.m in Sources */ = {isa = PBXBuildFile; fileRef = 45EC1C6B1F46C783000DCB32 /* AppDelegate.m */; };
		45EC1C6F1F46C783000DCB32 /* ViewController.m in Sources */ = {isa = PBXBuildFile; fileRef = 45EC1C6E1F46C783000DCB32 /* ViewController.m */; };
		45EC1C721F46C783000DCB32 /* Main.storyboard in Resources */ = {isa = PBXBuildFile; fileRef = 45EC1C701F46C783000DCB32 /* Main.storyboard */; };
		45EC1C741F46C783000DCB32 /* Assets.xcassets in Resources */ = {isa = PBXBuildFile; fileRef = 45EC1C731F46C783000DCB32 /* Assets.xcassets */; };
		45EC1C771F46C783000DCB32 /* LaunchScreen.storyboard in Resources */ = {isa = PBXBuildFile; fileRef = 45EC1C751F46C783000DCB32 /* LaunchScreen.storyboard */; };
		45EC1C7A1F46C783000DCB32 /* main.m in Sources */ = {isa = PBXBuildFile; fileRef = 45EC1C791F46C783000DCB32 /* main.m */; };
		45EC1C921F46CCEE000DCB32 /* NSDate+MJObjcSugar.m in Sources */ = {isa = PBXBuildFile; fileRef = 45EC1C911F46CCEE000DCB32 /* NSDate+MJObjcSugar.m */; };
		45EC1C951F46CE9F000DCB32 /* UIColor+MJObjcSugar.m in Sources */ = {isa = PBXBuildFile; fileRef = 45EC1C941F46CE9F000DCB32 /* UIColor+MJObjcSugar.m */; };
		45EC1C9F1F46D018000DCB32 /* UIImage+MJObjcSugar.m in Sources */ = {isa = PBXBuildFile; fileRef = 45EC1C9E1F46D018000DCB32 /* UIImage+MJObjcSugar.m */; };
		45EC1CA21F46D0B8000DCB32 /* UIView+MJObjcSugar.m in Sources */ = {isa = PBXBuildFile; fileRef = 45EC1CA11F46D0B8000DCB32 /* UIView+MJObjcSugar.m */; };
		45EC1CA51F46D1FC000DCB32 /* UITextField+MJObjcSugar.m in Sources */ = {isa = PBXBuildFile; fileRef = 45EC1CA41F46D1FC000DCB32 /* UITextField+MJObjcSugar.m */; };
		45EC1CA81F46D286000DCB32 /* UIScreen+MJObjcSugar.m in Sources */ = {isa = PBXBuildFile; fileRef = 45EC1CA71F46D286000DCB32 /* UIScreen+MJObjcSugar.m */; };
		45EC1CAB1F46D396000DCB32 /* UINavigationController+MJObjcSugar.m in Sources */ = {isa = PBXBuildFile; fileRef = 45EC1CAA1F46D396000DCB32 /* UINavigationController+MJObjcSugar.m */; };
		45EC1CB31F46DFA9000DCB32 /* UILabel+MJObjcSugar.m in Sources */ = {isa = PBXBuildFile; fileRef = 45EC1CB21F46DFA9000DCB32 /* UILabel+MJObjcSugar.m */; };
		45EC1CB61F46E3AD000DCB32 /* UIButton+MJObjcSugar.m in Sources */ = {isa = PBXBuildFile; fileRef = 45EC1CB51F46E3AD000DCB32 /* UIButton+MJObjcSugar.m */; };
		45EC1CB91F46E589000DCB32 /* NSString+MJObjcSugar.m in Sources */ = {isa = PBXBuildFile; fileRef = 45EC1CB81F46E589000DCB32 /* NSString+MJObjcSugar.m */; };
/* End PBXBuildFile section */

/* Begin PBXFileReference section */
		45EC1C671F46C783000DCB32 /* Categories.app */ = {isa = PBXFileReference; explicitFileType = wrapper.application; includeInIndex = 0; path = Categories.app; sourceTree = BUILT_PRODUCTS_DIR; };
		45EC1C6A1F46C783000DCB32 /* AppDelegate.h */ = {isa = PBXFileReference; lastKnownFileType = sourcecode.c.h; path = AppDelegate.h; sourceTree = "<group>"; };
		45EC1C6B1F46C783000DCB32 /* AppDelegate.m */ = {isa = PBXFileReference; lastKnownFileType = sourcecode.c.objc; path = AppDelegate.m; sourceTree = "<group>"; };
		45EC1C6D1F46C783000DCB32 /* ViewController.h */ = {isa = PBXFileReference; lastKnownFileType = sourcecode.c.h; path = ViewController.h; sourceTree = "<group>"; };
		45EC1C6E1F46C783000DCB32 /* ViewController.m */ = {isa = PBXFileReference; lastKnownFileType = sourcecode.c.objc; path = ViewController.m; sourceTree = "<group>"; };
		45EC1C711F46C783000DCB32 /* Base */ = {isa = PBXFileReference; lastKnownFileType = file.storyboard; name = Base; path = Base.lproj/Main.storyboard; sourceTree = "<group>"; };
		45EC1C731F46C783000DCB32 /* Assets.xcassets */ = {isa = PBXFileReference; lastKnownFileType = folder.assetcatalog; path = Assets.xcassets; sourceTree = "<group>"; };
		45EC1C761F46C783000DCB32 /* Base */ = {isa = PBXFileReference; lastKnownFileType = file.storyboard; name = Base; path = Base.lproj/LaunchScreen.storyboard; sourceTree = "<group>"; };
		45EC1C781F46C783000DCB32 /* Info.plist */ = {isa = PBXFileReference; lastKnownFileType = text.plist.xml; path = Info.plist; sourceTree = "<group>"; };
		45EC1C791F46C783000DCB32 /* main.m */ = {isa = PBXFileReference; lastKnownFileType = sourcecode.c.objc; path = main.m; sourceTree = "<group>"; };
		45EC1C8A1F46CBA4000DCB32 /* NSBundle+MJObjcSugar.h */ = {isa = PBXFileReference; lastKnownFileType = sourcecode.c.h; path = "NSBundle+MJObjcSugar.h"; sourceTree = "<group>"; };
		45EC1C8B1F46CBA4000DCB32 /* NSBundle+MJObjcSugar.m */ = {isa = PBXFileReference; lastKnownFileType = sourcecode.c.objc; path = "NSBundle+MJObjcSugar.m"; sourceTree = "<group>"; };
		45EC1C901F46CCEE000DCB32 /* NSDate+MJObjcSugar.h */ = {isa = PBXFileReference; lastKnownFileType = sourcecode.c.h; path = "NSDate+MJObjcSugar.h"; sourceTree = "<group>"; };
		45EC1C911F46CCEE000DCB32 /* NSDate+MJObjcSugar.m */ = {isa = PBXFileReference; lastKnownFileType = sourcecode.c.objc; path = "NSDate+MJObjcSugar.m"; sourceTree = "<group>"; };
		45EC1C931F46CE9F000DCB32 /* UIColor+MJObjcSugar.h */ = {isa = PBXFileReference; lastKnownFileType = sourcecode.c.h; path = "UIColor+MJObjcSugar.h"; sourceTree = "<group>"; };
		45EC1C941F46CE9F000DCB32 /* UIColor+MJObjcSugar.m */ = {isa = PBXFileReference; lastKnownFileType = sourcecode.c.objc; path = "UIColor+MJObjcSugar.m"; sourceTree = "<group>"; };
		45EC1C9D1F46D018000DCB32 /* UIImage+MJObjcSugar.h */ = {isa = PBXFileReference; lastKnownFileType = sourcecode.c.h; path = "UIImage+MJObjcSugar.h"; sourceTree = "<group>"; };
		45EC1C9E1F46D018000DCB32 /* UIImage+MJObjcSugar.m */ = {isa = PBXFileReference; lastKnownFileType = sourcecode.c.objc; path = "UIImage+MJObjcSugar.m"; sourceTree = "<group>"; };
		45EC1CA01F46D0B8000DCB32 /* UIView+MJObjcSugar.h */ = {isa = PBXFileReference; lastKnownFileType = sourcecode.c.h; path = "UIView+MJObjcSugar.h"; sourceTree = "<group>"; };
		45EC1CA11F46D0B8000DCB32 /* UIView+MJObjcSugar.m */ = {isa = PBXFileReference; lastKnownFileType = sourcecode.c.objc; path = "UIView+MJObjcSugar.m"; sourceTree = "<group>"; };
		45EC1CA31F46D1FC000DCB32 /* UITextField+MJObjcSugar.h */ = {isa = PBXFileReference; lastKnownFileType = sourcecode.c.h; path = "UITextField+MJObjcSugar.h"; sourceTree = "<group>"; };
		45EC1CA41F46D1FC000DCB32 /* UITextField+MJObjcSugar.m */ = {isa = PBXFileReference; lastKnownFileType = sourcecode.c.objc; path = "UITextField+MJObjcSugar.m"; sourceTree = "<group>"; };
		45EC1CA61F46D286000DCB32 /* UIScreen+MJObjcSugar.h */ = {isa = PBXFileReference; lastKnownFileType = sourcecode.c.h; path = "UIScreen+MJObjcSugar.h"; sourceTree = "<group>"; };
		45EC1CA71F46D286000DCB32 /* UIScreen+MJObjcSugar.m */ = {isa = PBXFileReference; lastKnownFileType = sourcecode.c.objc; path = "UIScreen+MJObjcSugar.m"; sourceTree = "<group>"; };
		45EC1CA91F46D396000DCB32 /* UINavigationController+MJObjcSugar.h */ = {isa = PBXFileReference; lastKnownFileType = sourcecode.c.h; path = "UINavigationController+MJObjcSugar.h"; sourceTree = "<group>"; };
		45EC1CAA1F46D396000DCB32 /* UINavigationController+MJObjcSugar.m */ = {isa = PBXFileReference; lastKnownFileType = sourcecode.c.objc; path = "UINavigationController+MJObjcSugar.m"; sourceTree = "<group>"; };
		45EC1CB11F46DFA9000DCB32 /* UILabel+MJObjcSugar.h */ = {isa = PBXFileReference; lastKnownFileType = sourcecode.c.h; path = "UILabel+MJObjcSugar.h"; sourceTree = "<group>"; };
		45EC1CB21F46DFA9000DCB32 /* UILabel+MJObjcSugar.m */ = {isa = PBXFileReference; lastKnownFileType = sourcecode.c.objc; path = "UILabel+MJObjcSugar.m"; sourceTree = "<group>"; };
		45EC1CB41F46E3AD000DCB32 /* UIButton+MJObjcSugar.h */ = {isa = PBXFileReference; lastKnownFileType = sourcecode.c.h; path = "UIButton+MJObjcSugar.h"; sourceTree = "<group>"; };
		45EC1CB51F46E3AD000DCB32 /* UIButton+MJObjcSugar.m */ = {isa = PBXFileReference; lastKnownFileType = sourcecode.c.objc; path = "UIButton+MJObjcSugar.m"; sourceTree = "<group>"; };
		45EC1CB71F46E589000DCB32 /* NSString+MJObjcSugar.h */ = {isa = PBXFileReference; lastKnownFileType = sourcecode.c.h; path = "NSString+MJObjcSugar.h"; sourceTree = "<group>"; };
		45EC1CB81F46E589000DCB32 /* NSString+MJObjcSugar.m */ = {isa = PBXFileReference; lastKnownFileType = sourcecode.c.objc; path = "NSString+MJObjcSugar.m"; sourceTree = "<group>"; };
/* End PBXFileReference section */

/* Begin PBXFrameworksBuildPhase section */
		45EC1C641F46C783000DCB32 /* Frameworks */ = {
			isa = PBXFrameworksBuildPhase;
			buildActionMask = 2147483647;
			files = (
			);
			runOnlyForDeploymentPostprocessing = 0;
		};
/* End PBXFrameworksBuildPhase section */

/* Begin PBXGroup section */
		45EC1C5E1F46C783000DCB32 = {
			isa = PBXGroup;
			children = (
				45EC1C691F46C783000DCB32 /* Categories */,
				45EC1C681F46C783000DCB32 /* Products */,
			);
			sourceTree = "<group>";
		};
		45EC1C681F46C783000DCB32 /* Products */ = {
			isa = PBXGroup;
			children = (
				45EC1C671F46C783000DCB32 /* Categories.app */,
			);
			name = Products;
			sourceTree = "<group>";
		};
		45EC1C691F46C783000DCB32 /* Categories */ = {
			isa = PBXGroup;
			children = (
				45EC1C881F46CBA4000DCB32 /* Categories */,
				45EC1C6A1F46C783000DCB32 /* AppDelegate.h */,
				45EC1C6B1F46C783000DCB32 /* AppDelegate.m */,
				45EC1C6D1F46C783000DCB32 /* ViewController.h */,
				45EC1C6E1F46C783000DCB32 /* ViewController.m */,
				45EC1C701F46C783000DCB32 /* Main.storyboard */,
				45EC1C731F46C783000DCB32 /* Assets.xcassets */,
				45EC1C751F46C783000DCB32 /* LaunchScreen.storyboard */,
				45EC1C781F46C783000DCB32 /* Info.plist */,
				45EC1C791F46C783000DCB32 /* main.m */,
			);
			path = Categories;
			sourceTree = "<group>";
		};
		45EC1C881F46CBA4000DCB32 /* Categories */ = {
			isa = PBXGroup;
			children = (
				45EC1C9B1F46CFE2000DCB32 /* NSString */,
				45EC1C971F46CFE2000DCB32 /* UIButton */,
				45EC1C961F46CFE2000DCB32 /* UILabel */,
				45EC1C981F46CFE2000DCB32 /* UINavigationController */,
				45EC1C991F46CFE2000DCB32 /* UIScreen */,
				45EC1C9A1F46CFE2000DCB32 /* UITextFiled */,
				45EC1C9C1F46CFE2000DCB32 /* UIView */,
				45EC1C8C1F46CCA3000DCB32 /* NSDate */,
				45EC1C8D1F46CCA3000DCB32 /* UIColor */,
				45EC1C8F1F46CCA3000DCB32 /* UIImage */,
				45EC1C891F46CBA4000DCB32 /* NSBundle */,
			);
			path = Categories;
			sourceTree = "<group>";
		};
		45EC1C891F46CBA4000DCB32 /* NSBundle */ = {
			isa = PBXGroup;
			children = (
				45EC1C8A1F46CBA4000DCB32 /* NSBundle+MJObjcSugar.h */,
				45EC1C8B1F46CBA4000DCB32 /* NSBundle+MJObjcSugar.m */,
			);
			path = NSBundle;
			sourceTree = "<group>";
		};
		45EC1C8C1F46CCA3000DCB32 /* NSDate */ = {
			isa = PBXGroup;
			children = (
				45EC1C901F46CCEE000DCB32 /* NSDate+MJObjcSugar.h */,
				45EC1C911F46CCEE000DCB32 /* NSDate+MJObjcSugar.m */,
			);
			path = NSDate;
			sourceTree = "<group>";
		};
		45EC1C8D1F46CCA3000DCB32 /* UIColor */ = {
			isa = PBXGroup;
			children = (
				45EC1C931F46CE9F000DCB32 /* UIColor+MJObjcSugar.h */,
				45EC1C941F46CE9F000DCB32 /* UIColor+MJObjcSugar.m */,
			);
			path = UIColor;
			sourceTree = "<group>";
		};
		45EC1C8F1F46CCA3000DCB32 /* UIImage */ = {
			isa = PBXGroup;
			children = (
				45EC1C9D1F46D018000DCB32 /* UIImage+MJObjcSugar.h */,
				45EC1C9E1F46D018000DCB32 /* UIImage+MJObjcSugar.m */,
			);
			path = UIImage;
			sourceTree = "<group>";
		};
		45EC1C961F46CFE2000DCB32 /* UILabel */ = {
			isa = PBXGroup;
			children = (
				45EC1CB11F46DFA9000DCB32 /* UILabel+MJObjcSugar.h */,
				45EC1CB21F46DFA9000DCB32 /* UILabel+MJObjcSugar.m */,
			);
			path = UILabel;
			sourceTree = "<group>";
		};
		45EC1C971F46CFE2000DCB32 /* UIButton */ = {
			isa = PBXGroup;
			children = (
				45EC1CB41F46E3AD000DCB32 /* UIButton+MJObjcSugar.h */,
				45EC1CB51F46E3AD000DCB32 /* UIButton+MJObjcSugar.m */,
			);
			path = UIButton;
			sourceTree = "<group>";
		};
		45EC1C981F46CFE2000DCB32 /* UINavigationController */ = {
			isa = PBXGroup;
			children = (
				45EC1CA91F46D396000DCB32 /* UINavigationController+MJObjcSugar.h */,
				45EC1CAA1F46D396000DCB32 /* UINavigationController+MJObjcSugar.m */,
			);
			path = UINavigationController;
			sourceTree = "<group>";
		};
		45EC1C991F46CFE2000DCB32 /* UIScreen */ = {
			isa = PBXGroup;
			children = (
				45EC1CA61F46D286000DCB32 /* UIScreen+MJObjcSugar.h */,
				45EC1CA71F46D286000DCB32 /* UIScreen+MJObjcSugar.m */,
			);
			path = UIScreen;
			sourceTree = "<group>";
		};
		45EC1C9A1F46CFE2000DCB32 /* UITextFiled */ = {
			isa = PBXGroup;
			children = (
				45EC1CA31F46D1FC000DCB32 /* UITextField+MJObjcSugar.h */,
				45EC1CA41F46D1FC000DCB32 /* UITextField+MJObjcSugar.m */,
			);
			path = UITextFiled;
			sourceTree = "<group>";
		};
		45EC1C9B1F46CFE2000DCB32 /* NSString */ = {
			isa = PBXGroup;
			children = (
				45EC1CB71F46E589000DCB32 /* NSString+MJObjcSugar.h */,
				45EC1CB81F46E589000DCB32 /* NSString+MJObjcSugar.m */,
			);
			path = NSString;
			sourceTree = "<group>";
		};
		45EC1C9C1F46CFE2000DCB32 /* UIView */ = {
			isa = PBXGroup;
			children = (
				45EC1CA01F46D0B8000DCB32 /* UIView+MJObjcSugar.h */,
				45EC1CA11F46D0B8000DCB32 /* UIView+MJObjcSugar.m */,
			);
			path = UIView;
			sourceTree = "<group>";
		};
/* End PBXGroup section */

/* Begin PBXNativeTarget section */
		45EC1C661F46C783000DCB32 /* Categories */ = {
			isa = PBXNativeTarget;
			buildConfigurationList = 45EC1C7D1F46C783000DCB32 /* Build configuration list for PBXNativeTarget "Categories" */;
			buildPhases = (
				45EC1C631F46C783000DCB32 /* Sources */,
				45EC1C641F46C783000DCB32 /* Frameworks */,
				45EC1C651F46C783000DCB32 /* Resources */,
			);
			buildRules = (
			);
			dependencies = (
			);
			name = Categories;
			productName = Categories;
			productReference = 45EC1C671F46C783000DCB32 /* Categories.app */;
			productType = "com.apple.product-type.application";
		};
/* End PBXNativeTarget section */

/* Begin PBXProject section */
		45EC1C5F1F46C783000DCB32 /* Project object */ = {
			isa = PBXProject;
			attributes = {
				LastUpgradeCheck = 0900;
				ORGANIZATIONNAME = "Michael 柏";
				TargetAttributes = {
					45EC1C661F46C783000DCB32 = {
						CreatedOnToolsVersion = 9.0;
					};
				};
			};
			buildConfigurationList = 45EC1C621F46C783000DCB32 /* Build configuration list for PBXProject "Categories" */;
			compatibilityVersion = "Xcode 8.0";
			developmentRegion = en;
			hasScannedForEncodings = 0;
			knownRegions = (
				en,
				Base,
			);
			mainGroup = 45EC1C5E1F46C783000DCB32;
			productRefGroup = 45EC1C681F46C783000DCB32 /* Products */;
			projectDirPath = "";
			projectRoot = "";
			targets = (
				45EC1C661F46C783000DCB32 /* Categories */,
			);
		};
/* End PBXProject section */

/* Begin PBXResourcesBuildPhase section */
		45EC1C651F46C783000DCB32 /* Resources */ = {
			isa = PBXResourcesBuildPhase;
			buildActionMask = 2147483647;
			files = (
				45EC1C771F46C783000DCB32 /* LaunchScreen.storyboard in Resources */,
				45EC1C741F46C783000DCB32 /* Assets.xcassets in Resources */,
				45EC1C721F46C783000DCB32 /* Main.storyboard in Resources */,
			);
			runOnlyForDeploymentPostprocessing = 0;
		};
/* End PBXResourcesBuildPhase section */

/* Begin PBXSourcesBuildPhase section */
		45EC1C631F46C783000DCB32 /* Sources */ = {
			isa = PBXSourcesBuildPhase;
			buildActionMask = 2147483647;
			files = (
				45EC1C951F46CE9F000DCB32 /* UIColor+MJObjcSugar.m in Sources */,
				45EC1CA21F46D0B8000DCB32 /* UIView+MJObjcSugar.m in Sources */,
				45EC1C921F46CCEE000DCB32 /* NSDate+MJObjcSugar.m in Sources */,
				45EC1C6F1F46C783000DCB32 /* ViewController.m in Sources */,
				45EC1C7A1F46C783000DCB32 /* main.m in Sources */,
				45EC1CB61F46E3AD000DCB32 /* UIButton+MJObjcSugar.m in Sources */,
				45EC1CA51F46D1FC000DCB32 /* UITextField+MJObjcSugar.m in Sources */,
				45EC1C9F1F46D018000DCB32 /* UIImage+MJObjcSugar.m in Sources */,
				45EC1CAB1F46D396000DCB32 /* UINavigationController+MJObjcSugar.m in Sources */,
				45EC1C6C1F46C783000DCB32 /* AppDelegate.m in Sources */,
				45EC1CB31F46DFA9000DCB32 /* UILabel+MJObjcSugar.m in Sources */,
				45EC1CA81F46D286000DCB32 /* UIScreen+MJObjcSugar.m in Sources */,
				45EC1CB91F46E589000DCB32 /* NSString+MJObjcSugar.m in Sources */,
			);
			runOnlyForDeploymentPostprocessing = 0;
		};
/* End PBXSourcesBuildPhase section */

/* Begin PBXVariantGroup section */
		45EC1C701F46C783000DCB32 /* Main.storyboard */ = {
			isa = PBXVariantGroup;
			children = (
				45EC1C711F46C783000DCB32 /* Base */,
			);
			name = Main.storyboard;
			sourceTree = "<group>";
		};
		45EC1C751F46C783000DCB32 /* LaunchScreen.storyboard */ = {
			isa = PBXVariantGroup;
			children = (
				45EC1C761F46C783000DCB32 /* Base */,
			);
			name = LaunchScreen.storyboard;
			sourceTree = "<group>";
		};
/* End PBXVariantGroup section */

/* Begin XCBuildConfiguration section */
		45EC1C7B1F46C783000DCB32 /* Debug */ = {
			isa = XCBuildConfiguration;
			buildSettings = {
				ALWAYS_SEARCH_USER_PATHS = NO;
				CLANG_ANALYZER_NONNULL = YES;
				CLANG_ANALYZER_NUMBER_OBJECT_CONVERSION = YES_AGGRESSIVE;
				CLANG_CXX_LANGUAGE_STANDARD = "gnu++14";
				CLANG_CXX_LIBRARY = "libc++";
				CLANG_ENABLE_MODULES = YES;
				CLANG_ENABLE_OBJC_ARC = YES;
				CLANG_WARN_BLOCK_CAPTURE_AUTORELEASING = YES;
				CLANG_WARN_BOOL_CONVERSION = YES;
				CLANG_WARN_COMMA = YES;
				CLANG_WARN_CONSTANT_CONVERSION = YES;
				CLANG_WARN_DIRECT_OBJC_ISA_USAGE = YES_ERROR;
				CLANG_WARN_DOCUMENTATION_COMMENTS = YES;
				CLANG_WARN_EMPTY_BODY = YES;
				CLANG_WARN_ENUM_CONVERSION = YES;
				CLANG_WARN_INFINITE_RECURSION = YES;
				CLANG_WARN_INT_CONVERSION = YES;
				CLANG_WARN_NON_LITERAL_NULL_CONVERSION = YES;
				CLANG_WARN_OBJC_LITERAL_CONVERSION = YES;
				CLANG_WARN_OBJC_ROOT_CLASS = YES_ERROR;
				CLANG_WARN_RANGE_LOOP_ANALYSIS = YES;
				CLANG_WARN_STRICT_PROTOTYPES = YES;
				CLANG_WARN_SUSPICIOUS_MOVE = YES;
				CLANG_WARN_UNGUARDED_AVAILABILITY = YES_AGGRESSIVE;
				CLANG_WARN_UNREACHABLE_CODE = YES;
				CLANG_WARN__DUPLICATE_METHOD_MATCH = YES;
				CODE_SIGN_IDENTITY = "iPhone Developer";
				COPY_PHASE_STRIP = NO;
				DEBUG_INFORMATION_FORMAT = dwarf;
				ENABLE_STRICT_OBJC_MSGSEND = YES;
				ENABLE_TESTABILITY = YES;
				GCC_C_LANGUAGE_STANDARD = gnu11;
				GCC_DYNAMIC_NO_PIC = NO;
				GCC_NO_COMMON_BLOCKS = YES;
				GCC_OPTIMIZATION_LEVEL = 0;
				GCC_PREPROCESSOR_DEFINITIONS = (
					"DEBUG=1",
					"$(inherited)",
				);
				GCC_WARN_64_TO_32_BIT_CONVERSION = YES;
				GCC_WARN_ABOUT_RETURN_TYPE = YES_ERROR;
				GCC_WARN_UNDECLARED_SELECTOR = YES;
				GCC_WARN_UNINITIALIZED_AUTOS = YES_AGGRESSIVE;
				GCC_WARN_UNUSED_FUNCTION = YES;
				GCC_WARN_UNUSED_VARIABLE = YES;
				IPHONEOS_DEPLOYMENT_TARGET = 11.0;
				MTL_ENABLE_DEBUG_INFO = YES;
				ONLY_ACTIVE_ARCH = YES;
				SDKROOT = iphoneos;
			};
			name = Debug;
		};
		45EC1C7C1F46C783000DCB32 /* Release */ = {
			isa = XCBuildConfiguration;
			buildSettings = {
				ALWAYS_SEARCH_USER_PATHS = NO;
				CLANG_ANALYZER_NONNULL = YES;
				CLANG_ANALYZER_NUMBER_OBJECT_CONVERSION = YES_AGGRESSIVE;
				CLANG_CXX_LANGUAGE_STANDARD = "gnu++14";
				CLANG_CXX_LIBRARY = "libc++";
				CLANG_ENABLE_MODULES = YES;
				CLANG_ENABLE_OBJC_ARC = YES;
				CLANG_WARN_BLOCK_CAPTURE_AUTORELEASING = YES;
				CLANG_WARN_BOOL_CONVERSION = YES;
				CLANG_WARN_COMMA = YES;
				CLANG_WARN_CONSTANT_CONVERSION = YES;
				CLANG_WARN_DIRECT_OBJC_ISA_USAGE = YES_ERROR;
				CLANG_WARN_DOCUMENTATION_COMMENTS = YES;
				CLANG_WARN_EMPTY_BODY = YES;
				CLANG_WARN_ENUM_CONVERSION = YES;
				CLANG_WARN_INFINITE_RECURSION = YES;
				CLANG_WARN_INT_CONVERSION = YES;
				CLANG_WARN_NON_LITERAL_NULL_CONVERSION = YES;
				CLANG_WARN_OBJC_LITERAL_CONVERSION = YES;
				CLANG_WARN_OBJC_ROOT_CLASS = YES_ERROR;
				CLANG_WARN_RANGE_LOOP_ANALYSIS = YES;
				CLANG_WARN_STRICT_PROTOTYPES = YES;
				CLANG_WARN_SUSPICIOUS_MOVE = YES;
				CLANG_WARN_UNGUARDED_AVAILABILITY = YES_AGGRESSIVE;
				CLANG_WARN_UNREACHABLE_CODE = YES;
				CLANG_WARN__DUPLICATE_METHOD_MATCH = YES;
				CODE_SIGN_IDENTITY = "iPhone Developer";
				COPY_PHASE_STRIP = NO;
				DEBUG_INFORMATION_FORMAT = "dwarf-with-dsym";
				ENABLE_NS_ASSERTIONS = NO;
				ENABLE_STRICT_OBJC_MSGSEND = YES;
				GCC_C_LANGUAGE_STANDARD = gnu11;
				GCC_NO_COMMON_BLOCKS = YES;
				GCC_WARN_64_TO_32_BIT_CONVERSION = YES;
				GCC_WARN_ABOUT_RETURN_TYPE = YES_ERROR;
				GCC_WARN_UNDECLARED_SELECTOR = YES;
				GCC_WARN_UNINITIALIZED_AUTOS = YES_AGGRESSIVE;
				GCC_WARN_UNUSED_FUNCTION = YES;
				GCC_WARN_UNUSED_VARIABLE = YES;
				IPHONEOS_DEPLOYMENT_TARGET = 11.0;
				MTL_ENABLE_DEBUG_INFO = NO;
				SDKROOT = iphoneos;
				VALIDATE_PRODUCT = YES;
			};
			name = Release;
		};
		45EC1C7E1F46C783000DCB32 /* Debug */ = {
			isa = XCBuildConfiguration;
			buildSettings = {
				ASSETCATALOG_COMPILER_APPICON_NAME = AppIcon;
				DEVELOPMENT_TEAM = 2J738B5H56;
				INFOPLIST_FILE = Categories/Info.plist;
				LD_RUNPATH_SEARCH_PATHS = "$(inherited) @executable_path/Frameworks";
				PRODUCT_BUNDLE_IDENTIFIER = com.Apple.Categories;
				PRODUCT_NAME = "$(TARGET_NAME)";
				TARGETED_DEVICE_FAMILY = "1,2";
			};
			name = Debug;
		};
		45EC1C7F1F46C783000DCB32 /* Release */ = {
			isa = XCBuildConfiguration;
			buildSettings = {
				ASSETCATALOG_COMPILER_APPICON_NAME = AppIcon;
				DEVELOPMENT_TEAM = 2J738B5H56;
				INFOPLIST_FILE = Categories/Info.plist;
				LD_RUNPATH_SEARCH_PATHS = "$(inherited) @executable_path/Frameworks";
				PRODUCT_BUNDLE_IDENTIFIER = com.Apple.Categories;
				PRODUCT_NAME = "$(TARGET_NAME)";
				TARGETED_DEVICE_FAMILY = "1,2";
			};
			name = Release;
		};
/* End XCBuildConfiguration section */

/* Begin XCConfigurationList section */
		45EC1C621F46C783000DCB32 /* Build configuration list for PBXProject "Categories" */ = {
			isa = XCConfigurationList;
			buildConfigurations = (
				45EC1C7B1F46C783000DCB32 /* Debug */,
				45EC1C7C1F46C783000DCB32 /* Release */,
			);
			defaultConfigurationIsVisible = 0;
			defaultConfigurationName = Release;
		};
		45EC1C7D1F46C783000DCB32 /* Build configuration list for PBXNativeTarget "Categories" */ = {
			isa = XCConfigurationList;
			buildConfigurations = (
				45EC1C7E1F46C783000DCB32 /* Debug */,
				45EC1C7F1F46C783000DCB32 /* Release */,
			);
			defaultConfigurationIsVisible = 0;
			defaultConfigurationName = Release;
		};
/* End XCConfigurationList section */
	};
	rootObject = 45EC1C5F1F46C783000DCB32 /* Project object */;
}
